
Microsoft Visual Studio Solution File, Format Version 12.00
# Visual Studio Version 17
VisualStudioVersion = 17.0.31903.59
MinimumVisualStudioVersion = 10.0.40219.1
Project("{FAE04EC0-301F-11D3-BF4B-00C04F79EFBC}") = "OpenMatchFrontend", "src\OpenMatchFrontend\OpenMatchFrontend.csproj", "{645F6BD4-491D-46CA-A1D1-03AF1221243E}"
EndProject
Project("{2150E333-8FDC-42A3-9474-1A3956D46DE8}") = "src", "src", "{426226C3-B94B-4E4A-A160-7E15FE715B24}"
EndProject
Project("{2150E333-8FDC-42A3-9474-1A3956D46DE8}") = "tests", "tests", "{D3F130E3-44C3-42F1-A397-58AE5D3F4A2A}"
EndProject
Global
	GlobalSection(SolutionConfigurationPlatforms) = preSolution
		Debug|Any CPU = Debug|Any CPU
		Release|Any CPU = Release|Any CPU
	EndGlobalSection
	GlobalSection(SolutionProperties) = preSolution
		HideSolutionNode = FALSE
	EndGlobalSection
	GlobalSection(ProjectConfigurationPlatforms) = postSolution
		{645F6BD4-491D-46CA-A1D1-03AF1221243E}.Debug|Any CPU.ActiveCfg = Debug|Any CPU
		{645F6BD4-491D-46CA-A1D1-03AF1221243E}.Debug|Any CPU.Build.0 = Debug|Any CPU
		{645F6BD4-491D-46CA-A1D1-03AF1221243E}.Release|Any CPU.ActiveCfg = Release|Any CPU
		{645F6BD4-491D-46CA-A1D1-03AF1221243E}.Release|Any CPU.Build.0 = Release|Any CPU
	EndGlobalSection
	GlobalSection(NestedProjects) = preSolution
		{645F6BD4-491D-46CA-A1D1-03AF1221243E} = {426226C3-B94B-4E4A-A160-7E15FE715B24}
	EndGlobalSection
EndGlobal
